# THIS IS AN AUTOGENERATED FILE. DO NOT EDIT THIS FILE DIRECTLY.
# yarn lockfile v1


base-64@^0.1.0:
  version "0.1.0"
  resolved "https://registry.yarnpkg.com/base-64/-/base-64-0.1.0.tgz#780a99c84e7d600260361511c4877613bf24f6bb"
  integrity sha1-eAqZyE59YAJgNhURxId2E78k9rs=

flow-bin@0.105.1:
  version "0.105.1"
  resolved "https://registry.yarnpkg.com/flow-bin/-/flow-bin-0.105.1.tgz#5ce4515b583e5fa6ea1b82bc849c354271f5b88d"
  integrity sha512-wRI5ogu/+85fgftljAOtnDBx9+2JHToyq2XifzoMmXc5mmB9OE7osukzwi2PuOoEKtq9fu+APRD+MqbEJ8bUwQ==

prettier@1.18.2:
  version "1.18.2"
  resolved "https://registry.yarnpkg.com/prettier/-/prettier-1.18.2.tgz#6823e7c5900017b4bd3acf46fe9ac4b4d7bda9ea"
  integrity sha512-OeHeMc0JhFE9idD4ZdtNibzY0+TPHSpSSb9h8FqtP+YnoZZ1sl8Vc9b1sasjfymH3SonAF4QcA2+mzHPhMvIiw==

react-native-fs@^2.14.1:
  version "2.14.1"
  resolved "https://registry.yarnpkg.com/react-native-fs/-/react-native-fs-2.14.1.tgz#61c70a865b5b5bcb020dd4e4befd60a2c20c836f"
  integrity sha512-ZcfiwNP+FBgvv2eRk0B62/NI58mbjszjjYvQlP352HLkUqVsK4Ld6X8fdBO1lZAz6SgitUk8WEc9NEciRIt31g==
  dependencies:
    base-64 "^0.1.0"
    utf8 "^2.1.1"

utf8@^2.1.1:
  version "2.1.2"
  resolved "https://registry.yarnpkg.com/utf8/-/utf8-2.1.2.tgz#1fa0d9270e9be850d9b05027f63519bf46457d96"
  integrity sha1-H6DZJw6b6FDZsFAn9jUZv0ZFfZY=
