# THIS IS AN AUTOGENERATED FILE. DO NOT EDIT THIS FILE DIRECTLY.
# yarn lockfile v1


base-64@^0.1.0:
  version "0.1.0"
  resolved "https://registry.yarnpkg.com/base-64/-/base-64-0.1.0.tgz#780a99c84e7d600260361511c4877613bf24f6bb"

flow-bin@0.63.1:
  version "0.63.1"
  resolved "https://registry.yarnpkg.com/flow-bin/-/flow-bin-0.63.1.tgz#ab00067c197169a5fb5b4996c8f6927b06694828"

prettier@1.9.2:
  version "1.9.2"
  resolved "https://registry.yarnpkg.com/prettier/-/prettier-1.9.2.tgz#96bc2132f7a32338e6078aeb29727178c6335827"

react-native-fs@^2.8.3:
  version "2.9.7"
  resolved "https://registry.yarnpkg.com/react-native-fs/-/react-native-fs-2.9.7.tgz#29ac2d4728270cec4df63f1c4beb1140f8246049"
  dependencies:
    base-64 "^0.1.0"
    utf8 "^2.1.1"

utf8@^2.1.1:
  version "2.1.2"
  resolved "https://registry.yarnpkg.com/utf8/-/utf8-2.1.2.tgz#1fa0d9270e9be850d9b05027f63519bf46457d96"
