# THIS IS AN AUTOGENERATED FILE. DO NOT EDIT THIS FILE DIRECTLY.
# yarn lockfile v1


base-64@^0.1.0:
  version "0.1.0"
  resolved "https://registry.yarnpkg.com/base-64/-/base-64-0.1.0.tgz#780a99c84e7d600260361511c4877613bf24f6bb"

flow-bin@0.67.1:
  version "0.67.1"
  resolved "https://registry.yarnpkg.com/flow-bin/-/flow-bin-0.67.1.tgz#eabb7197cce870ac9442cfd04251c7ddc30377db"

prettier@1.13.6:
  version "1.13.6"
  resolved "https://registry.yarnpkg.com/prettier/-/prettier-1.13.6.tgz#00ae0b777ad92f81a9e7a1df2f0470b6dab0cb44"

react-native-fs@^2.10.14:
  version "2.10.14"
  resolved "https://registry.yarnpkg.com/react-native-fs/-/react-native-fs-2.10.14.tgz#394721801825db8330b62e92ae36861fd9864084"
  dependencies:
    base-64 "^0.1.0"
    utf8 "^2.1.1"

utf8@^2.1.1:
  version "2.1.2"
  resolved "https://registry.yarnpkg.com/utf8/-/utf8-2.1.2.tgz#1fa0d9270e9be850d9b05027f63519bf46457d96"
